
Microsoft Visual Studio Solution File, Format Version 12.00
# Visual Studio Version 17
VisualStudioVersion = 17.8.34330.188
MinimumVisualStudioVersion = 10.0.40219.1
Project("{FAE04EC0-301F-11D3-BF4B-00C04F79EFBC}") = "LibraryManagementSystem", "LibraryManagementSystem.csproj", "{1296F021-ECAE-4BF6-B635-B9BCF800EEDD}"
EndProject
Global
	GlobalSection(SolutionConfigurationPlatforms) = preSolution
		Debug|Any CPU = Debug|Any CPU
		Release|Any CPU = Release|Any CPU
	EndGlobalSection
	GlobalSection(ProjectConfigurationPlatforms) = postSolution
		{1296F021-ECAE-4BF6-B635-B9BCF800EEDD}.Debug|Any CPU.ActiveCfg = Debug|Any CPU
		{1296F021-ECAE-4BF6-B635-B9BCF800EEDD}.Debug|Any CPU.Build.0 = Debug|Any CPU
		{1296F021-ECAE-4BF6-B635-B9BCF800EEDD}.Release|Any CPU.ActiveCfg = Release|Any CPU
		{1296F021-ECAE-4BF6-B635-B9BCF800EEDD}.Release|Any CPU.Build.0 = Release|Any CPU
	EndGlobalSection
	GlobalSection(SolutionProperties) = preSolution
		HideSolutionNode = FALSE
	EndGlobalSection
	GlobalSection(ExtensibilityGlobals) = postSolution
		SolutionGuid = {BE8DD923-67CF-414E-BEA5-7BFC95D8BED0}
	EndGlobalSection
EndGlobal
